dependencies:
- name: nvidia-device-plugin
  repository: https://nvidia.github.io/k8s-device-plugin
  version: 0.17.0
- name: dcgm-exporter
  repository: https://nvidia.github.io/dcgm-exporter/helm-charts
  version: 3.4.2
- name: prometheus
  repository: https://prometheus-community.github.io/helm-charts
  version: 29.8.0
digest: sha256:9b4cf40de4e2c0412151b346039b463e4840179c83c407e92d8abc5ed901d600
generated: "2026-05-26T19:19:11.424561+08:00"
