dependencies:
- name: nvidia-device-plugin
  repository: https://nvidia.github.io/k8s-device-plugin
  version: 0.17.0
- name: dcgm-exporter
  repository: https://nvidia.github.io/dcgm-exporter/helm-charts
  version: 3.4.2
- name: prometheus
  repository: https://prometheus-community.github.io/helm-charts
  version: 25.27.0
digest: sha256:0c71732a526f836be4eae72e1e3ec6ab541fb0b1ca2fb7916a505cdc85437efa
generated: "2026-05-26T15:34:10.245646+08:00"
